{
  "projects": [
    {
      "projectId": "xtfWGDm5314EDVZ9cvmE1G",
      "version": "latest",
      "dependencies": {},
      "lang": "ts",
      "fileLocks": [
        {
          "type": "globalVariant",
          "assetId": "zwoofy2GxRuWY",
          "checksum": "f0fec919eba32f72d220b6d0dd96f0e2"
        },
        {
          "type": "renderModule",
          "assetId": "XN7FKInTJXfD",
          "checksum": "2c0a59888954e2f8bcc6260203bf68b7"
        },
        {
          "type": "cssRules",
          "assetId": "XN7FKInTJXfD",
          "checksum": "2c0a59888954e2f8bcc6260203bf68b7"
        },
        {
          "type": "renderModule",
          "assetId": "TblQyRgFM3",
          "checksum": "c622c0f97096e57757a04099593fb291"
        },
        {
          "type": "cssRules",
          "assetId": "TblQyRgFM3",
          "checksum": "c622c0f97096e57757a04099593fb291"
        },
        {
          "type": "renderModule",
          "assetId": "yxbfUM2ii5x",
          "checksum": "ac39ae7fe4800d0d4da623750d1101c9"
        },
        {
          "type": "cssRules",
          "assetId": "yxbfUM2ii5x",
          "checksum": "ac39ae7fe4800d0d4da623750d1101c9"
        },
        {
          "type": "renderModule",
          "assetId": "wf0EastN9f_",
          "checksum": "c14422cfbd07e5261a650aa636179aa4"
        },
        {
          "type": "cssRules",
          "assetId": "wf0EastN9f_",
          "checksum": "c14422cfbd07e5261a650aa636179aa4"
        },
        {
          "type": "renderModule",
          "assetId": "z2uv9u-BwSf",
          "checksum": "c52b83f512a420e43caeb313e221c48d"
        },
        {
          "type": "cssRules",
          "assetId": "z2uv9u-BwSf",
          "checksum": "c52b83f512a420e43caeb313e221c48d"
        },
        {
          "type": "renderModule",
          "assetId": "5W9CbZmWGV-",
          "checksum": "d67e6b85a4f8e22c712217105ad8f7dc"
        },
        {
          "type": "cssRules",
          "assetId": "5W9CbZmWGV-",
          "checksum": "d67e6b85a4f8e22c712217105ad8f7dc"
        },
        {
          "type": "renderModule",
          "assetId": "wUsp9C_j8X",
          "checksum": "9a8f9fae6aabee9cdc18301404f9cf1b"
        },
        {
          "type": "cssRules",
          "assetId": "wUsp9C_j8X",
          "checksum": "9a8f9fae6aabee9cdc18301404f9cf1b"
        },
        {
          "type": "renderModule",
          "assetId": "N7GU47GWgRt",
          "checksum": "f67f05cbc3747652d20bb446304429f3"
        },
        {
          "type": "cssRules",
          "assetId": "N7GU47GWgRt",
          "checksum": "f67f05cbc3747652d20bb446304429f3"
        },
        {
          "type": "renderModule",
          "assetId": "rvuuOS7g1Vh",
          "checksum": "70bb8505b2fbff1b99a3f3641c3daa4a"
        },
        {
          "type": "cssRules",
          "assetId": "rvuuOS7g1Vh",
          "checksum": "70bb8505b2fbff1b99a3f3641c3daa4a"
        },
        {
          "type": "renderModule",
          "assetId": "B3eYYdwxgSa",
          "checksum": "447eac61ca9b3ec68a73e3615c7f21b4"
        },
        {
          "type": "cssRules",
          "assetId": "B3eYYdwxgSa",
          "checksum": "447eac61ca9b3ec68a73e3615c7f21b4"
        },
        {
          "type": "renderModule",
          "assetId": "IpYfBaDpjAA",
          "checksum": "075d95c64aeb1a361460ddafe7580076"
        },
        {
          "type": "cssRules",
          "assetId": "IpYfBaDpjAA",
          "checksum": "075d95c64aeb1a361460ddafe7580076"
        },
        {
          "type": "renderModule",
          "assetId": "LEQxAUVaGP",
          "checksum": "7d35e31110b8eaa3c1a855a23120347a"
        },
        {
          "type": "cssRules",
          "assetId": "LEQxAUVaGP",
          "checksum": "7d35e31110b8eaa3c1a855a23120347a"
        },
        {
          "type": "icon",
          "assetId": "xct_6p5zn-R",
          "checksum": "94082f8a7f619f280e8b81d7dde5fee7"
        },
        {
          "type": "icon",
          "assetId": "dFCVXtsqvaD",
          "checksum": "ffafc332309d97405d46abe5f2b9a6a2"
        },
        {
          "type": "icon",
          "assetId": "QmFlzdbj7aB",
          "checksum": "516fd18ab35720d0f6b0e6fe8dec5823"
        },
        {
          "type": "icon",
          "assetId": "3Xyb6Q_Vc7c",
          "checksum": "b86de32b550a0bcfb001754a29c23324"
        },
        {
          "type": "icon",
          "assetId": "0M7vxWGIKEf",
          "checksum": "7f765ecfe7318c13d40d3e584949aa3b"
        },
        {
          "type": "icon",
          "assetId": "0PJZJunuaAD",
          "checksum": "02a6250f28feb15566f48a869029356e"
        },
        {
          "type": "icon",
          "assetId": "jDy_8IeKXuz",
          "checksum": "98376b43711397bdfd5db844e1bddf0d"
        },
        {
          "type": "icon",
          "assetId": "ns7mWEGL0fY",
          "checksum": "fcc5b813015f2f9dad5a60c32f8436ce"
        },
        {
          "type": "icon",
          "assetId": "KWij8QXLLgx",
          "checksum": "50ab1315b54c7b10042e29b12fa4b465"
        },
        {
          "type": "icon",
          "assetId": "bo4x1Hic-6p",
          "checksum": "10a56d0f04745177273bd8e8d1667cc3"
        },
        {
          "type": "icon",
          "assetId": "75ZnZdqiXJr",
          "checksum": "8493411af9ce6f0981adb9b11f708c5b"
        },
        {
          "type": "icon",
          "assetId": "LjCIctrNGI-",
          "checksum": "e64e68ad40cdef1c53f85c7ae762346d"
        },
        {
          "type": "icon",
          "assetId": "sGh7wwnHQRQ",
          "checksum": "83047e4730790c7b77ac628158644a1f"
        },
        {
          "type": "icon",
          "assetId": "QzWu50erzX6",
          "checksum": "f6b2b581da01fc949ced6b767b5206af"
        },
        {
          "type": "icon",
          "assetId": "dj-OFEtZbd9",
          "checksum": "1eb61b3de13da938312f55ee29fb3ad9"
        },
        {
          "type": "icon",
          "assetId": "PWkR8qgUmqP",
          "checksum": "ce08eaabb5d1e862af96e86657cb7a67"
        },
        {
          "type": "icon",
          "assetId": "TtgPeb1RI0V",
          "checksum": "1623b2e5adcb82b3afa701c316fd76eb"
        },
        {
          "type": "icon",
          "assetId": "K5TTUn3enRt",
          "checksum": "d66e554eee17356a06bc315dfd61abeb"
        },
        {
          "type": "icon",
          "assetId": "hRREmncQnLg",
          "checksum": "866ba554661e75f01d73c248c381c3c5"
        },
        {
          "type": "icon",
          "assetId": "o3ryBCxRjPu",
          "checksum": "1742404d400c98ea89acdb137c8d1c28"
        },
        {
          "type": "icon",
          "assetId": "K-ocZBlJYDE",
          "checksum": "7d9f86ad1296f1a76c74889f0a5964d2"
        },
        {
          "type": "icon",
          "assetId": "AwftcEtw0",
          "checksum": "4c1a3c18f9e934936a05457b49ccbb41"
        },
        {
          "type": "icon",
          "assetId": "ERuTjJFvNg",
          "checksum": "a988365b94a800e084b54c7023c4b445"
        },
        {
          "type": "icon",
          "assetId": "8TKbGPH6WU",
          "checksum": "bf67fabbe16130cf11ee6380c976dbfc"
        },
        {
          "type": "icon",
          "assetId": "Md_0YrRFxU",
          "checksum": "11a1f33deb6aaea0ba0ae343821e8332"
        },
        {
          "type": "icon",
          "assetId": "BF-4WWEkRh",
          "checksum": "e762d12c0bfc883c5978699ac4b26879"
        },
        {
          "type": "icon",
          "assetId": "D0otxEzjim",
          "checksum": "eccb18dc862feb26f76d7f50773b74a5"
        },
        {
          "type": "icon",
          "assetId": "sRycQnQLVm",
          "checksum": "729deab7cb28db1337546e483cb0d791"
        },
        {
          "type": "icon",
          "assetId": "4wYxHUAbvt",
          "checksum": "b295fb846e0a04d31366005fe6153356"
        },
        {
          "type": "icon",
          "assetId": "psJmMIZ-ak",
          "checksum": "9599969aa02fa8161a80904d73b1f10d"
        },
        {
          "type": "icon",
          "assetId": "cmZqwMjGAb",
          "checksum": "b4bc05f1d59145fe7494419265829f7c"
        },
        {
          "type": "icon",
          "assetId": "kw7AKo-HPN",
          "checksum": "cc0207d4fb53edafa939ec3a7ff11939"
        },
        {
          "type": "icon",
          "assetId": "M2O_Ujl55A",
          "checksum": "eee4b3329e124d478c40fed25ceced4f"
        },
        {
          "type": "icon",
          "assetId": "GX_QM87n9a",
          "checksum": "1f6870d93c9872204921b5b2b639fb8a"
        },
        {
          "type": "icon",
          "assetId": "IUWBQOROYo",
          "checksum": "548953b91bf5a97771b3681829caa917"
        },
        {
          "type": "icon",
          "assetId": "EYEwn0Kcz4",
          "checksum": "da13f42c3a296701f58e248ec68d24e5"
        },
        {
          "type": "icon",
          "assetId": "8gRjFOWshw",
          "checksum": "40caef79d66fb96f1be4f167a98dde51"
        },
        {
          "type": "icon",
          "assetId": "28_PJ3siAz",
          "checksum": "9905ad83d5f46bbf388ec96830025118"
        },
        {
          "type": "icon",
          "assetId": "M8Wol2jh-b",
          "checksum": "959fc4313182b1f7853a309a90f46149"
        },
        {
          "type": "icon",
          "assetId": "yetMwU95Qi",
          "checksum": "5d12600a80b37c0d596bbd324bc968a2"
        },
        {
          "type": "icon",
          "assetId": "utGzbJ1Uak",
          "checksum": "2348f76bd6ab0a8d370a051c1a88d74d"
        },
        {
          "type": "icon",
          "assetId": "JpcakA-P24",
          "checksum": "096cbd51fe1650e52c1ecbb5d49a23e6"
        },
        {
          "type": "icon",
          "assetId": "Q63xMMF-U",
          "checksum": "b2836e9d1c0eeae39e10ad9fc075b33a"
        },
        {
          "type": "icon",
          "assetId": "2g3Dmhq5iZ",
          "checksum": "0ec894010fb1d04e2a58fed9e353dacb"
        },
        {
          "type": "icon",
          "assetId": "tz5FLb8Srop",
          "checksum": "a7888e8f227ede4744555d5726308ba1"
        },
        {
          "type": "icon",
          "assetId": "RmzuV1m7hJM",
          "checksum": "2d62135e3299e33badb27dc327752495"
        },
        {
          "type": "icon",
          "assetId": "on5inL9tgye",
          "checksum": "fd112a012b264f9702c9a64f02cf4889"
        },
        {
          "type": "icon",
          "assetId": "4t_uyeDCGeM",
          "checksum": "e86e9e320e3ceebac0bd0e01c1b2c345"
        },
        {
          "type": "icon",
          "assetId": "AwfM46m2Tml",
          "checksum": "2cb2908ece8824a906ced558984f32a1"
        },
        {
          "type": "icon",
          "assetId": "7yKUKzKgih",
          "checksum": "af865476563124d806de315199348445"
        },
        {
          "type": "icon",
          "assetId": "lXWFEKc7g",
          "checksum": "9f941619a24a2aeceb29ae31eb357e40"
        },
        {
          "type": "icon",
          "assetId": "91UIfIIIOH",
          "checksum": "de3d09e145e71f7ca69091185fc34f14"
        },
        {
          "type": "icon",
          "assetId": "ljbVxY_WaF",
          "checksum": "5ccc5ad72240aec1134d6d36be1847ce"
        },
        {
          "type": "icon",
          "assetId": "4D46fRCAGH",
          "checksum": "825df2618b765a7b601cc4da502fbc1a"
        },
        {
          "type": "icon",
          "assetId": "Z74aigg49o",
          "checksum": "edc0c9371ef4788d91ef4495ecf88958"
        },
        {
          "type": "icon",
          "assetId": "yimRjRw5Ev",
          "checksum": "50af1c907d85e3c71a0591fa7eafc4a3"
        },
        {
          "type": "icon",
          "assetId": "TqyGZRWBQq",
          "checksum": "133d3381c49fd50fc354dab28b6f329d"
        },
        {
          "type": "image",
          "assetId": "0chDcwGsi",
          "checksum": "29165f3cbd5cc3a57d600b3500e95177"
        },
        {
          "type": "image",
          "assetId": "Q8lypZyUw0",
          "checksum": "62d6bb26c0745595a04644da0111b4f1"
        },
        {
          "type": "image",
          "assetId": "ezNWcABuxv",
          "checksum": "a0d63658e301554e3a4d994964756bf2"
        },
        {
          "type": "image",
          "assetId": "lOA492WRbo",
          "checksum": "b8bfe65de9f3fc442bd1596659f3ee24"
        },
        {
          "type": "image",
          "assetId": "e3RmyqegkU",
          "checksum": "be032d28688e68d5ac9747901c749f91"
        },
        {
          "type": "image",
          "assetId": "puDEHwdIiq",
          "checksum": "d354c11f47d07735a520310e62e268fc"
        },
        {
          "type": "image",
          "assetId": "UhkTYCn9Vf",
          "checksum": "e410558ab34c75201254e4e17df65463"
        },
        {
          "type": "image",
          "assetId": "xxfxXXKvC6",
          "checksum": "99283e46e996b0e8d986994be8bb7ab8"
        },
        {
          "type": "image",
          "assetId": "qh6T5cqxvY",
          "checksum": "b94714807943dfa5e8598e8c8d08fbad"
        },
        {
          "type": "image",
          "assetId": "um7mjc0fGn",
          "checksum": "588cb3526cffb71a282993f7427afac3"
        },
        {
          "type": "image",
          "assetId": "QBSc2rXSRv",
          "checksum": "3562e40a3329b11a36a260333daf10b6"
        },
        {
          "type": "image",
          "assetId": "z-RbEJmog4",
          "checksum": "ee8beb5b993a835933bde3e3b2050892"
        },
        {
          "type": "image",
          "assetId": "RcmkAkav_f",
          "checksum": "028c7d286fdf6850a8ff5f792f807afb"
        },
        {
          "type": "image",
          "assetId": "xZwWKPET8F",
          "checksum": "2e2b2d6cd0d7d55f34033b279ca2a725"
        },
        {
          "type": "image",
          "assetId": "d5ahFTe5WF",
          "checksum": "fbb28d1980fb7d30a33867d92e611a3f"
        },
        {
          "type": "image",
          "assetId": "ijdPSqBQnH",
          "checksum": "04f0db654959749b0fa32b75bc75114c"
        },
        {
          "type": "image",
          "assetId": "iyyb7Kn3b",
          "checksum": "30ace159bb43af521a9d1f15cd6fc2da"
        },
        {
          "type": "image",
          "assetId": "IxoSZaDqr",
          "checksum": "a0b53473087e60c4b003cf5fd8f3da80"
        },
        {
          "type": "image",
          "assetId": "Lvc-l4dbHQ",
          "checksum": "1982f0de7e62162a6e9a0da329d3a754"
        },
        {
          "type": "image",
          "assetId": "QibG6lYzcE",
          "checksum": "7ed5aecb92d5684fe815b9d923955727"
        },
        {
          "type": "image",
          "assetId": "ngqhEVwLvD",
          "checksum": "5da3cc15e13409f56682350a345b1399"
        },
        {
          "type": "image",
          "assetId": "M522oybc_x",
          "checksum": "057424fe3d9d49448b9be2b4d74fc2bb"
        },
        {
          "type": "image",
          "assetId": "4mITPsrAf",
          "checksum": "eab179858ce41c9a3c7fc9bff25774cb"
        },
        {
          "type": "image",
          "assetId": "wBb6RPPxK",
          "checksum": "e41a998134a070926aaedc424413850b"
        },
        {
          "type": "image",
          "assetId": "9FoV9J4TO-",
          "checksum": "ad3906863e237c9179b8c7dde8f5036b"
        },
        {
          "type": "image",
          "assetId": "63y6SrH4fc",
          "checksum": "e8501de7ba81e0ce9558ae9a8e583210"
        },
        {
          "type": "image",
          "assetId": "3j0lIWrcFk",
          "checksum": "f364ae12f1708917a8f098d310c8aa03"
        },
        {
          "type": "image",
          "assetId": "-OJ3vppPmz",
          "checksum": "230c77292579eee0fad039037b7c6974"
        },
        {
          "type": "image",
          "assetId": "eWi9tk-yK6",
          "checksum": "0c484fff3c6de8bc0285d2c4d0502a1d"
        },
        {
          "type": "image",
          "assetId": "ZGzZxV-fJd",
          "checksum": "160fa3ff39fef45b61df5868f9a23958"
        },
        {
          "type": "image",
          "assetId": "NM-GYuKk5Z",
          "checksum": "3eb7fe51c1e7d955b4252f70101cf44b"
        },
        {
          "type": "image",
          "assetId": "g-Ekata1id",
          "checksum": "a50c79e559e14aa7a972394fed06d354"
        },
        {
          "type": "image",
          "assetId": "ounBHYvtYA",
          "checksum": "76588c8c1c45e32a10232993ec9502fa"
        },
        {
          "type": "image",
          "assetId": "UsNeTSCwGz",
          "checksum": "737f1a6d9374a211d8f981adbbcd45fc"
        },
        {
          "type": "icon",
          "assetId": "A2Kedw-JG",
          "checksum": "017c926dd9b110b2809a8987f8cb1cfd"
        },
        {
          "type": "image",
          "assetId": "I7g-LLVst",
          "checksum": "dbe6a6e5dfb5912e4c91ff7ffa226bdd"
        },
        {
          "type": "image",
          "assetId": "m0GtFp9Fn",
          "checksum": "1cf13121469e489d67a45c055c1e1952"
        },
        {
          "type": "image",
          "assetId": "cyztz6ewCP",
          "checksum": "32cab107c3fcade373ff9548792b4054"
        },
        {
          "type": "image",
          "assetId": "LJng_A79Jn",
          "checksum": "49d8d8472fe4c189dabe9211ad91d080"
        },
        {
          "type": "image",
          "assetId": "JTyxXP9uYS",
          "checksum": "a32a230397b2a8c8d35a5c5e046c3df5"
        },
        {
          "type": "image",
          "assetId": "tKyllftJ0E",
          "checksum": "4687a296c09db936c1625b4feeea422f"
        },
        {
          "type": "image",
          "assetId": "WRsX-dDCdx",
          "checksum": "d81478afd5b943ad9129f041d619553b"
        },
        {
          "type": "image",
          "assetId": "rQhljhEuXZ",
          "checksum": "49363dcb6f0417e0f122842869e6734c"
        },
        {
          "assetId": "xtfWGDm5314EDVZ9cvmE1G",
          "type": "projectCss",
          "checksum": "6eea0710b6be97ede545cbabc70e4638"
        }
      ],
      "codegenVersion": "0.0.1"
    }
  ],
  "cliVersion": "0.1.187"
}
